
Microsoft Visual Studio Solution File, Format Version 12.00
# Visual Studio Version 16
VisualStudioVersion = 16.0.30503.244
MinimumVisualStudioVersion = 10.0.40219.1
Project("{9A19103F-16F7-4668-BE54-9A1E7A4F7556}") = "ConsoleApp5", "ConsoleApp5\ConsoleApp5.csproj", "{DB06137C-2390-4218-B879-4A6F695CF66E}"
EndProject
Project("{FAE04EC0-301F-11D3-BF4B-00C04F79EFBC}") = "SharedLibraries", "SharedLibraries\SharedLibraries.csproj", "{32FD7E6D-991B-42FF-8788-AB6C8A67F255}"
EndProject
Global
	GlobalSection(SolutionConfigurationPlatforms) = preSolution
		Debug|Any CPU = Debug|Any CPU
		Release|Any CPU = Release|Any CPU
	EndGlobalSection
	GlobalSection(ProjectConfigurationPlatforms) = postSolution
		{DB06137C-2390-4218-B879-4A6F695CF66E}.Debug|Any CPU.ActiveCfg = Debug|Any CPU
		{DB06137C-2390-4218-B879-4A6F695CF66E}.Debug|Any CPU.Build.0 = Debug|Any CPU
		{DB06137C-2390-4218-B879-4A6F695CF66E}.Release|Any CPU.ActiveCfg = Release|Any CPU
		{DB06137C-2390-4218-B879-4A6F695CF66E}.Release|Any CPU.Build.0 = Release|Any CPU
		{32FD7E6D-991B-42FF-8788-AB6C8A67F255}.Debug|Any CPU.ActiveCfg = Debug|Any CPU
		{32FD7E6D-991B-42FF-8788-AB6C8A67F255}.Debug|Any CPU.Build.0 = Debug|Any CPU
		{32FD7E6D-991B-42FF-8788-AB6C8A67F255}.Release|Any CPU.ActiveCfg = Release|Any CPU
		{32FD7E6D-991B-42FF-8788-AB6C8A67F255}.Release|Any CPU.Build.0 = Release|Any CPU
	EndGlobalSection
	GlobalSection(SolutionProperties) = preSolution
		HideSolutionNode = FALSE
	EndGlobalSection
	GlobalSection(ExtensibilityGlobals) = postSolution
		SolutionGuid = {B6672B8B-CD47-448C-971E-9899FAD19B8E}
	EndGlobalSection
EndGlobal
